
Microsoft Visual Studio Solution File, Format Version 12.00
# Visual Studio 15
VisualStudioVersion = 15.0.26730.15
MinimumVisualStudioVersion = 10.0.40219.1
Project("{9A19103F-16F7-4668-BE54-9A1E7A4F7556}") = "TeamLunchAPI", "TeamLunchAPI\TeamLunchAPI.csproj", "{CDB8BCAA-5F0F-4675-8410-2C8DCD7277BF}"
EndProject
Project("{FAE04EC0-301F-11D3-BF4B-00C04F79EFBC}") = "TeamLunch UnitTests", "TeamLunch UnitTests\TeamLunch UnitTests.csproj", "{30EC7152-731D-4BA6-BBFE-6012BC478DC9}"
EndProject
Global
	GlobalSection(SolutionConfigurationPlatforms) = preSolution
		Debug|Any CPU = Debug|Any CPU
		Release|Any CPU = Release|Any CPU
	EndGlobalSection
	GlobalSection(ProjectConfigurationPlatforms) = postSolution
		{CDB8BCAA-5F0F-4675-8410-2C8DCD7277BF}.Debug|Any CPU.ActiveCfg = Debug|Any CPU
		{CDB8BCAA-5F0F-4675-8410-2C8DCD7277BF}.Debug|Any CPU.Build.0 = Debug|Any CPU
		{CDB8BCAA-5F0F-4675-8410-2C8DCD7277BF}.Release|Any CPU.ActiveCfg = Release|Any CPU
		{CDB8BCAA-5F0F-4675-8410-2C8DCD7277BF}.Release|Any CPU.Build.0 = Release|Any CPU
		{30EC7152-731D-4BA6-BBFE-6012BC478DC9}.Debug|Any CPU.ActiveCfg = Debug|Any CPU
		{30EC7152-731D-4BA6-BBFE-6012BC478DC9}.Debug|Any CPU.Build.0 = Debug|Any CPU
		{30EC7152-731D-4BA6-BBFE-6012BC478DC9}.Release|Any CPU.ActiveCfg = Release|Any CPU
		{30EC7152-731D-4BA6-BBFE-6012BC478DC9}.Release|Any CPU.Build.0 = Release|Any CPU
	EndGlobalSection
	GlobalSection(SolutionProperties) = preSolution
		HideSolutionNode = FALSE
	EndGlobalSection
	GlobalSection(ExtensibilityGlobals) = postSolution
		SolutionGuid = {177D27BB-A5C0-470A-BD07-50DED768C960}
	EndGlobalSection
EndGlobal
